
Microsoft Visual Studio Solution File, Format Version 12.00
# Visual Studio Version 17
VisualStudioVersion = 17.2.32516.85
MinimumVisualStudioVersion = 10.0.40219.1
Project("{FAE04EC0-301F-11D3-BF4B-00C04F79EFBC}") = "SuperHeroeAPI", "SuperHeroeAPI\SuperHeroeAPI.csproj", "{F6CC057F-0F00-4BB2-B35A-20ED82D86564}"
EndProject
Global
	GlobalSection(SolutionConfigurationPlatforms) = preSolution
		Debug|Any CPU = Debug|Any CPU
		Release|Any CPU = Release|Any CPU
	EndGlobalSection
	GlobalSection(ProjectConfigurationPlatforms) = postSolution
		{F6CC057F-0F00-4BB2-B35A-20ED82D86564}.Debug|Any CPU.ActiveCfg = Debug|Any CPU
		{F6CC057F-0F00-4BB2-B35A-20ED82D86564}.Debug|Any CPU.Build.0 = Debug|Any CPU
		{F6CC057F-0F00-4BB2-B35A-20ED82D86564}.Release|Any CPU.ActiveCfg = Release|Any CPU
		{F6CC057F-0F00-4BB2-B35A-20ED82D86564}.Release|Any CPU.Build.0 = Release|Any CPU
	EndGlobalSection
	GlobalSection(SolutionProperties) = preSolution
		HideSolutionNode = FALSE
	EndGlobalSection
	GlobalSection(ExtensibilityGlobals) = postSolution
		SolutionGuid = {C86C8DCB-B308-448A-8022-9F8870A76546}
	EndGlobalSection
EndGlobal
